
Microsoft Visual Studio Solution File, Format Version 12.00
# Visual Studio Version 17
VisualStudioVersion = 17.4.33110.190
MinimumVisualStudioVersion = 10.0.40219.1
Project("{9A19103F-16F7-4668-BE54-9A1E7A4F7556}") = "Northwind.Common.EntityModels.Sqlite", "Northwind.Common.EntityModels.Sqlite\Northwind.Common.EntityModels.Sqlite.csproj", "{C0F69502-E56C-4FF5-BB94-EC61895B6BAF}"
EndProject
Project("{FAE04EC0-301F-11D3-BF4B-00C04F79EFBC}") = "Northwind.Mvc", "Northwind.Mvc\Northwind.Mvc.csproj", "{541B928E-4565-44CC-989E-0091258A67E5}"
EndProject
Project("{9A19103F-16F7-4668-BE54-9A1E7A4F7556}") = "Northwind.Common.DataContext.Sqlite", "Northwind.Common.DataContext.Sqlite\Northwind.Common.DataContext.Sqlite.csproj", "{C9A7DA60-BC66-461D-80A7-A5013D55562D}"
EndProject
Global
	GlobalSection(SolutionConfigurationPlatforms) = preSolution
		Debug|Any CPU = Debug|Any CPU
		Release|Any CPU = Release|Any CPU
	EndGlobalSection
	GlobalSection(ProjectConfigurationPlatforms) = postSolution
		{C0F69502-E56C-4FF5-BB94-EC61895B6BAF}.Debug|Any CPU.ActiveCfg = Debug|Any CPU
		{C0F69502-E56C-4FF5-BB94-EC61895B6BAF}.Debug|Any CPU.Build.0 = Debug|Any CPU
		{C0F69502-E56C-4FF5-BB94-EC61895B6BAF}.Release|Any CPU.ActiveCfg = Release|Any CPU
		{C0F69502-E56C-4FF5-BB94-EC61895B6BAF}.Release|Any CPU.Build.0 = Release|Any CPU
		{541B928E-4565-44CC-989E-0091258A67E5}.Debug|Any CPU.ActiveCfg = Debug|Any CPU
		{541B928E-4565-44CC-989E-0091258A67E5}.Debug|Any CPU.Build.0 = Debug|Any CPU
		{541B928E-4565-44CC-989E-0091258A67E5}.Release|Any CPU.ActiveCfg = Release|Any CPU
		{541B928E-4565-44CC-989E-0091258A67E5}.Release|Any CPU.Build.0 = Release|Any CPU
		{C9A7DA60-BC66-461D-80A7-A5013D55562D}.Debug|Any CPU.ActiveCfg = Debug|Any CPU
		{C9A7DA60-BC66-461D-80A7-A5013D55562D}.Debug|Any CPU.Build.0 = Debug|Any CPU
		{C9A7DA60-BC66-461D-80A7-A5013D55562D}.Release|Any CPU.ActiveCfg = Release|Any CPU
		{C9A7DA60-BC66-461D-80A7-A5013D55562D}.Release|Any CPU.Build.0 = Release|Any CPU
	EndGlobalSection
	GlobalSection(SolutionProperties) = preSolution
		HideSolutionNode = FALSE
	EndGlobalSection
	GlobalSection(ExtensibilityGlobals) = postSolution
		SolutionGuid = {9444269B-9A07-4DD4-A23C-731A71CF3056}
	EndGlobalSection
EndGlobal
